
Microsoft Visual Studio Solution File, Format Version 12.00
# Visual Studio Version 17
VisualStudioVersion = 17.5.2.0
MinimumVisualStudioVersion = 10.0.40219.1
Project("{FAE04EC0-301F-11D3-BF4B-00C04F79EFBC}") = "Async", "Async.csproj", "{3C0E6A95-D804-502D-3E32-0C2E779F2C53}"
EndProject
Project("{FAE04EC0-301F-11D3-BF4B-00C04F79EFBC}") = "GameStore", "..\..\ASP.NET\GameStore\GameStore.csproj", "{41ACD71A-91B2-4F34-8145-5D51043A2682}"
EndProject
Global
	GlobalSection(SolutionConfigurationPlatforms) = preSolution
		Debug|Any CPU = Debug|Any CPU
		Debug|x64 = Debug|x64
		Debug|x86 = Debug|x86
		Release|Any CPU = Release|Any CPU
		Release|x64 = Release|x64
		Release|x86 = Release|x86
	EndGlobalSection
	GlobalSection(ProjectConfigurationPlatforms) = postSolution
		{3C0E6A95-D804-502D-3E32-0C2E779F2C53}.Debug|Any CPU.ActiveCfg = Debug|Any CPU
		{3C0E6A95-D804-502D-3E32-0C2E779F2C53}.Debug|Any CPU.Build.0 = Debug|Any CPU
		{3C0E6A95-D804-502D-3E32-0C2E779F2C53}.Debug|x64.ActiveCfg = Debug|Any CPU
		{3C0E6A95-D804-502D-3E32-0C2E779F2C53}.Debug|x64.Build.0 = Debug|Any CPU
		{3C0E6A95-D804-502D-3E32-0C2E779F2C53}.Debug|x86.ActiveCfg = Debug|Any CPU
		{3C0E6A95-D804-502D-3E32-0C2E779F2C53}.Debug|x86.Build.0 = Debug|Any CPU
		{3C0E6A95-D804-502D-3E32-0C2E779F2C53}.Release|Any CPU.ActiveCfg = Release|Any CPU
		{3C0E6A95-D804-502D-3E32-0C2E779F2C53}.Release|Any CPU.Build.0 = Release|Any CPU
		{3C0E6A95-D804-502D-3E32-0C2E779F2C53}.Release|x64.ActiveCfg = Release|Any CPU
		{3C0E6A95-D804-502D-3E32-0C2E779F2C53}.Release|x64.Build.0 = Release|Any CPU
		{3C0E6A95-D804-502D-3E32-0C2E779F2C53}.Release|x86.ActiveCfg = Release|Any CPU
		{3C0E6A95-D804-502D-3E32-0C2E779F2C53}.Release|x86.Build.0 = Release|Any CPU
		{41ACD71A-91B2-4F34-8145-5D51043A2682}.Debug|Any CPU.ActiveCfg = Debug|Any CPU
		{41ACD71A-91B2-4F34-8145-5D51043A2682}.Debug|Any CPU.Build.0 = Debug|Any CPU
		{41ACD71A-91B2-4F34-8145-5D51043A2682}.Debug|x64.ActiveCfg = Debug|Any CPU
		{41ACD71A-91B2-4F34-8145-5D51043A2682}.Debug|x64.Build.0 = Debug|Any CPU
		{41ACD71A-91B2-4F34-8145-5D51043A2682}.Debug|x86.ActiveCfg = Debug|Any CPU
		{41ACD71A-91B2-4F34-8145-5D51043A2682}.Debug|x86.Build.0 = Debug|Any CPU
		{41ACD71A-91B2-4F34-8145-5D51043A2682}.Release|Any CPU.ActiveCfg = Release|Any CPU
		{41ACD71A-91B2-4F34-8145-5D51043A2682}.Release|Any CPU.Build.0 = Release|Any CPU
		{41ACD71A-91B2-4F34-8145-5D51043A2682}.Release|x64.ActiveCfg = Release|Any CPU
		{41ACD71A-91B2-4F34-8145-5D51043A2682}.Release|x64.Build.0 = Release|Any CPU
		{41ACD71A-91B2-4F34-8145-5D51043A2682}.Release|x86.ActiveCfg = Release|Any CPU
		{41ACD71A-91B2-4F34-8145-5D51043A2682}.Release|x86.Build.0 = Release|Any CPU
	EndGlobalSection
	GlobalSection(SolutionProperties) = preSolution
		HideSolutionNode = FALSE
	EndGlobalSection
	GlobalSection(ExtensibilityGlobals) = postSolution
		SolutionGuid = {4A6A38A5-77ED-4FBF-9799-124273E50886}
	EndGlobalSection
EndGlobal
